# Generated by buf. DO NOT EDIT.
version: v1
deps:
  - remote: buf.build
    owner: bazel
    repository: remote-apis
    commit: b202931f28c042aaaecc3491d99445e1
    digest: shake256:21b9c6c1499e9cf7d5d15d46705ebee67c2a2f948f9d3651088dfb1bfb3307edea149f4b6cc4c2cb30881f0985621fd9a1c34521400bde52dce860046eb95953
  - remote: buf.build
    owner: buildless
    repository: buildless
    commit: 1dfe229d1afd450ab270130fe2d752f2
    digest: shake256:276f11d549fdb5507beb2582bee41ef012665827854b140037736c4ccbcae8ffd336079b593e1c7902ee54f62ed0515ef3bc2c10fe95f7a05d41dbfa22339ed8
  - remote: buf.build
    owner: buildless
    repository: cli
    commit: bc1b4bc2c9df434287de5d966b4e693e
    digest: shake256:63b22c9e680a2c61e5123c6c84344bd76b5d4038feb63aa410586ab54c7a66a7ecbf6c14c3b32e5f01d6367f682092404aa824205538dc13e61180d54d837f34
  - remote: buf.build
    owner: cel
    repository: spec
    commit: 0583f28ce7d3479d96fb006e8c4af067
    digest: shake256:b42af4e757829e6c475bad0f9c0e0c5d60c1f728f61494b7e5362568f22c4738dfb6dca044833aa9501dff7da54db55328be67f6f1cd6f2e62a00cefd3597526
  - remote: buf.build
    owner: cncf
    repository: xds
    commit: 0d869d8e763c430498070035c02ac001
    digest: shake256:b86eabc7d6290b46989d8db4ea39f7e4932d736373960ad4bf0d3118a76d5159c40cab7086fbb82d981aad1effcf45a3ff514adfff882460aa9dd2eb6d5535f5
  - remote: buf.build
    owner: elide
    repository: openapi
    commit: 0fc47b872ca044c782367f900f8eaf64
    digest: shake256:ae6eb1c05e10141d35184e7433bd37c97d1ef422bf2496892974de8a65741cd0e18e43f1d70d0d28fb387d996a58d55147c17f0dfe7ee70e64a26c191255d6ab
  - remote: buf.build
    owner: elide
    repository: safe-html-types
    commit: 3d5d7e9b28be4293bba1e2571091590e
    digest: shake256:7456d665f7d46d01a546fb74d48fe9233b39fc75f0a5dd8d3f645963ddb7347ac51ca9ade346f19d3ee59f787761f13619860f0a16a20a5dc2e78d0d08322931
  - remote: buf.build
    owner: elide
    repository: v3
    commit: d1d15f620a3e43f3a4403089a27f6dcc
    digest: shake256:7a0ae7bd9b9f8c85e2d1d59d12dab9f0c0321aed9f246b69b71946d2e894b0850196d448d0fc89f269283ce757d49723a7c3e5e279ea0f7e807be21015ebfa88
  - remote: buf.build
    owner: envoyproxy
    repository: envoy
    commit: dd454480c20b4a6d82c58347ba3090b1
    digest: shake256:37898583c4aa0443879e9bf9a5a7c21231cae6a87e51606e8ba2503cfc09c67b0f26e8f24c0f0a5c204ad7a9e9da365c2a1ba8c257d58ca4db5c6b4301b248eb
  - remote: buf.build
    owner: envoyproxy
    repository: protoc-gen-validate
    commit: eac44469a7af47e7839a7f1f3d7ac004
    digest: shake256:0feabcde01b6b11e3c75a5e3f807968d5995626546f39c37e5d4205892b3a59cced0ed83b35a2eb9e6dddd3309660ad46b737c9dcd224b425de0a6654ce04417
  - remote: buf.build
    owner: googleapis
    repository: googleapis
    commit: cc916c31859748a68fd229a3c8d7a2e8
    digest: shake256:469b049d0eb04203d5272062636c078decefc96fec69739159c25d85349c50c34c7706918a8b216c5c27f76939df48452148cff8c5c3ae77fa6ba5c25c1b8bf8
  - remote: buf.build
    owner: grpc
    repository: grpc
    commit: 98bc436e95a543f38bbc17c58690ad88
    digest: shake256:6fd01cc27d2288f48e44e181eeb461a6643bfdfe069026b9c6c574fe6c8c2cc2d6b4623946b8690f45fde4965d7cb43750d3fbe609a349e710a31c3e714ef00c
  - remote: buf.build
    owner: opencensus
    repository: opencensus
    commit: 7e475551350545bda1ccb1e258c7b125
    digest: shake256:22499ad9824a29151f38e3ea026166bd2258f1f1b40d11246cb80718bff5d4a7fecd47ef857f5cd98609d7847c93329f603a4e43348abd7ac1ead22a6a964b05
  - remote: buf.build
    owner: opentelemetry
    repository: opentelemetry
    commit: c5370fbbc76844b595972771b6888e08
    digest: shake256:1cd6aa4b458ae4874f645bc35cb667c19e1edcced751a0f409c96b85110c7cbb52aab415898a9034c591fa0f3d92086824bba3b6f923cd72c26a24a44c5fa3f8
  - remote: buf.build
    owner: prometheus
    repository: client-model
    commit: 741a6a7bbc7645f89b588c47a06fceb3
    digest: shake256:1b6db8908bc8557f4e87b308ea98debe476a119fb620e41d873df1065dd0d1b04dbb4466b5da52b985efd47f5f6658c2e33d11df63557e96ff6d54752cffdef2
